
Microsoft Visual Studio Solution File, Format Version 12.00
# Visual Studio 2012
Project("{2150E333-8FDC-42A3-9474-1A3956D46DE8}") = ".nuget", ".nuget", "{0D31720C-1092-4D0B-B097-05C6AE5D072C}"
	ProjectSection(SolutionItems) = preProject
		.nuget\NuGet.Config = .nuget\NuGet.Config
		.nuget\NuGet.exe = .nuget\NuGet.exe
		.nuget\NuGet.targets = .nuget\NuGet.targets
	EndProjectSection
EndProject
Project("{FAE04EC0-301F-11D3-BF4B-00C04F79EFBC}") = "WebApplication", "WebApplication\WebApplication.csproj", "{B2125306-5D6A-4B9D-97B1-413B82138BA7}"
EndProject
Project("{FAE04EC0-301F-11D3-BF4B-00C04F79EFBC}") = "HansKindberg", "HansKindberg\HansKindberg.csproj", "{E5D00B05-E934-4AD4-A264-D206FE3D07F5}"
EndProject
Global
	GlobalSection(SolutionConfigurationPlatforms) = preSolution
		Debug|Any CPU = Debug|Any CPU
		Release|Any CPU = Release|Any CPU
	EndGlobalSection
	GlobalSection(ProjectConfigurationPlatforms) = postSolution
		{B2125306-5D6A-4B9D-97B1-413B82138BA7}.Debug|Any CPU.ActiveCfg = Debug|Any CPU
		{B2125306-5D6A-4B9D-97B1-413B82138BA7}.Debug|Any CPU.Build.0 = Debug|Any CPU
		{B2125306-5D6A-4B9D-97B1-413B82138BA7}.Release|Any CPU.ActiveCfg = Release|Any CPU
		{B2125306-5D6A-4B9D-97B1-413B82138BA7}.Release|Any CPU.Build.0 = Release|Any CPU
		{E5D00B05-E934-4AD4-A264-D206FE3D07F5}.Debug|Any CPU.ActiveCfg = Debug|Any CPU
		{E5D00B05-E934-4AD4-A264-D206FE3D07F5}.Debug|Any CPU.Build.0 = Debug|Any CPU
		{E5D00B05-E934-4AD4-A264-D206FE3D07F5}.Release|Any CPU.ActiveCfg = Release|Any CPU
		{E5D00B05-E934-4AD4-A264-D206FE3D07F5}.Release|Any CPU.Build.0 = Release|Any CPU
	EndGlobalSection
	GlobalSection(SolutionProperties) = preSolution
		HideSolutionNode = FALSE
	EndGlobalSection
EndGlobal
